
Microsoft Visual Studio Solution File, Format Version 12.00
# Visual Studio Version 17
VisualStudioVersion = 17.6.33829.357
MinimumVisualStudioVersion = 10.0.40219.1
Project("{FAE04EC0-301F-11D3-BF4B-00C04F79EFBC}") = "WebApiConsumer1", "WebApiConsumer1\WebApiConsumer1.csproj", "{7346EBDA-0C74-42BF-9ABB-5C80139F02E7}"
EndProject
Global
	GlobalSection(SolutionConfigurationPlatforms) = preSolution
		Debug|Any CPU = Debug|Any CPU
		Release|Any CPU = Release|Any CPU
	EndGlobalSection
	GlobalSection(ProjectConfigurationPlatforms) = postSolution
		{7346EBDA-0C74-42BF-9ABB-5C80139F02E7}.Debug|Any CPU.ActiveCfg = Debug|Any CPU
		{7346EBDA-0C74-42BF-9ABB-5C80139F02E7}.Debug|Any CPU.Build.0 = Debug|Any CPU
		{7346EBDA-0C74-42BF-9ABB-5C80139F02E7}.Release|Any CPU.ActiveCfg = Release|Any CPU
		{7346EBDA-0C74-42BF-9ABB-5C80139F02E7}.Release|Any CPU.Build.0 = Release|Any CPU
	EndGlobalSection
	GlobalSection(SolutionProperties) = preSolution
		HideSolutionNode = FALSE
	EndGlobalSection
	GlobalSection(ExtensibilityGlobals) = postSolution
		SolutionGuid = {AAF6C118-99D2-4C3F-9688-86153C2D9B90}
	EndGlobalSection
EndGlobal
