
Microsoft Visual Studio Solution File, Format Version 12.00
# Visual Studio Version 17
VisualStudioVersion = 17.6.33829.357
MinimumVisualStudioVersion = 10.0.40219.1
Project("{FAE04EC0-301F-11D3-BF4B-00C04F79EFBC}") = "MVCWithEFDBF3", "MVCWithEFDBF3\MVCWithEFDBF3.csproj", "{500AC9CA-FCDB-4EF6-93A2-FCE5E9C262CF}"
EndProject
Global
	GlobalSection(SolutionConfigurationPlatforms) = preSolution
		Debug|Any CPU = Debug|Any CPU
		Release|Any CPU = Release|Any CPU
	EndGlobalSection
	GlobalSection(ProjectConfigurationPlatforms) = postSolution
		{500AC9CA-FCDB-4EF6-93A2-FCE5E9C262CF}.Debug|Any CPU.ActiveCfg = Debug|Any CPU
		{500AC9CA-FCDB-4EF6-93A2-FCE5E9C262CF}.Debug|Any CPU.Build.0 = Debug|Any CPU
		{500AC9CA-FCDB-4EF6-93A2-FCE5E9C262CF}.Release|Any CPU.ActiveCfg = Release|Any CPU
		{500AC9CA-FCDB-4EF6-93A2-FCE5E9C262CF}.Release|Any CPU.Build.0 = Release|Any CPU
	EndGlobalSection
	GlobalSection(SolutionProperties) = preSolution
		HideSolutionNode = FALSE
	EndGlobalSection
	GlobalSection(ExtensibilityGlobals) = postSolution
		SolutionGuid = {7571EB15-724A-4A2C-8230-170283650938}
	EndGlobalSection
EndGlobal
