
Microsoft Visual Studio Solution File, Format Version 12.00
# Visual Studio Version 17
VisualStudioVersion = 17.6.33829.357
MinimumVisualStudioVersion = 10.0.40219.1
Project("{FAE04EC0-301F-11D3-BF4B-00C04F79EFBC}") = "WebApiService", "WebApiService\WebApiService.csproj", "{32C0E13A-FFA2-47AC-AE35-D82A20EA560D}"
EndProject
Global
	GlobalSection(SolutionConfigurationPlatforms) = preSolution
		Debug|Any CPU = Debug|Any CPU
		Release|Any CPU = Release|Any CPU
	EndGlobalSection
	GlobalSection(ProjectConfigurationPlatforms) = postSolution
		{32C0E13A-FFA2-47AC-AE35-D82A20EA560D}.Debug|Any CPU.ActiveCfg = Debug|Any CPU
		{32C0E13A-FFA2-47AC-AE35-D82A20EA560D}.Debug|Any CPU.Build.0 = Debug|Any CPU
		{32C0E13A-FFA2-47AC-AE35-D82A20EA560D}.Release|Any CPU.ActiveCfg = Release|Any CPU
		{32C0E13A-FFA2-47AC-AE35-D82A20EA560D}.Release|Any CPU.Build.0 = Release|Any CPU
	EndGlobalSection
	GlobalSection(SolutionProperties) = preSolution
		HideSolutionNode = FALSE
	EndGlobalSection
	GlobalSection(ExtensibilityGlobals) = postSolution
		SolutionGuid = {46C62BFC-5668-4353-91B6-88FF88B7DA45}
	EndGlobalSection
EndGlobal
